
Microsoft Visual Studio Solution File, Format Version 12.00
# Visual Studio 15
VisualStudioVersion = 15.0.28307.645
MinimumVisualStudioVersion = 10.0.40219.1
Project("{FAE04EC0-301F-11D3-BF4B-00C04F79EFBC}") = "ProjectBlogs", "ProjectBlogs\ProjectBlogs.csproj", "{6FE38168-7E4A-4D79-94A0-3F85BB51A482}"
EndProject
Global
	GlobalSection(SolutionConfigurationPlatforms) = preSolution
		Debug|Any CPU = Debug|Any CPU
		Release|Any CPU = Release|Any CPU
	EndGlobalSection
	GlobalSection(ProjectConfigurationPlatforms) = postSolution
		{6FE38168-7E4A-4D79-94A0-3F85BB51A482}.Debug|Any CPU.ActiveCfg = Debug|Any CPU
		{6FE38168-7E4A-4D79-94A0-3F85BB51A482}.Debug|Any CPU.Build.0 = Debug|Any CPU
		{6FE38168-7E4A-4D79-94A0-3F85BB51A482}.Release|Any CPU.ActiveCfg = Release|Any CPU
		{6FE38168-7E4A-4D79-94A0-3F85BB51A482}.Release|Any CPU.Build.0 = Release|Any CPU
	EndGlobalSection
	GlobalSection(SolutionProperties) = preSolution
		HideSolutionNode = FALSE
	EndGlobalSection
	GlobalSection(ExtensibilityGlobals) = postSolution
		SolutionGuid = {887654A8-F91E-42D7-AD42-D3435CF817C1}
	EndGlobalSection
EndGlobal
